// !$*UTF8*$!
{
	archiveVersion = 1;
	classes = {
	};
	objectVersion = 77;
	objects = {

/* Begin PBXBuildFile section */
		08F8800A2AFA54ED4F2FD02F /* amplifyconfiguration.json in Resources */ = {isa = PBXBuildFile; fileRef = 83F6B22C954619D4EF33F572 /* amplifyconfiguration.json */; };
		09FF25309691F6F100784AE4 /* Group+Schema.swift in Sources */ = {isa = PBXBuildFile; fileRef = D5C6F6317303C874BEBD1185 /* Group+Schema.swift */; };
		0DD056165A35F8BE19AF7BBD /* AmplifyModels.swift in Sources */ = {isa = PBXBuildFile; fileRef = 5E7080B336F63FBC3708F879 /* AmplifyModels.swift */; };
		211488623EAB189C509B811F /* User.swift in Sources */ = {isa = PBXBuildFile; fileRef = 12228AF80C0B4FBEC95148A9 /* User.swift */; };
		42EF0A69CF18367E0242CEF0 /* Game+Schema.swift in Sources */ = {isa = PBXBuildFile; fileRef = 6C9FB50CAA710424261C41C9 /* Game+Schema.swift */; };
		48D6E46DB3A4D04EA8247173 /* SeasonRecord+Schema.swift in Sources */ = {isa = PBXBuildFile; fileRef = 951C982FECDAD6CF9BDA1B6A /* SeasonRecord+Schema.swift */; };
		7AF251F130754704600F9B8A /* User+Schema.swift in Sources */ = {isa = PBXBuildFile; fileRef = 6BE2CAF4C144144914A8DF3A /* User+Schema.swift */; };
		83831090CCE6576B212EC661 /* Pick.swift in Sources */ = {isa = PBXBuildFile; fileRef = AA545C84665B68AFAEDF7EE3 /* Pick.swift */; };
		A0F648B56E1B18E9190AD101 /* awsconfiguration.json in Resources */ = {isa = PBXBuildFile; fileRef = 9829AD87DDCC95CF769343B8 /* awsconfiguration.json */; };
		B2AAAC7EC78E4F6510184130 /* Game.swift in Sources */ = {isa = PBXBuildFile; fileRef = 22BA46ED06CE38343E637DE9 /* Game.swift */; };
		ED16C0FBF7BF737D61668DB5 /* Pick+Schema.swift in Sources */ = {isa = PBXBuildFile; fileRef = D6CC0D6E642205550C46B62D /* Pick+Schema.swift */; };
		F2FFAACA64B217B402F33F6B /* Group.swift in Sources */ = {isa = PBXBuildFile; fileRef = 6AAD4B75F643C1563E9058BB /* Group.swift */; };
		FC49B6C079538AA3E55D1EC6 /* SeasonRecord.swift in Sources */ = {isa = PBXBuildFile; fileRef = 7A039BEC645E0BE59111DA1B /* SeasonRecord.swift */; };
/* End PBXBuildFile section */

/* Begin PBXContainerItemProxy section */
		AA53B0592E85B5E600E03CF2 /* PBXContainerItemProxy */ = {
			isa = PBXContainerItemProxy;
			containerPortal = AA53B0432E85B5E500E03CF2 /* Project object */;
			proxyType = 1;
			remoteGlobalIDString = AA53B04A2E85B5E500E03CF2;
			remoteInfo = PickEm;
		};
		AA53B0632E85B5E700E03CF2 /* PBXContainerItemProxy */ = {
			isa = PBXContainerItemProxy;
			containerPortal = AA53B0432E85B5E500E03CF2 /* Project object */;
			proxyType = 1;
			remoteGlobalIDString = AA53B04A2E85B5E500E03CF2;
			remoteInfo = PickEm;
		};
/* End PBXContainerItemProxy section */

/* Begin PBXFileReference section */
		12228AF80C0B4FBEC95148A9 /* User.swift */ = {isa = PBXFileReference; explicitFileType = sourcecode.swift; lastKnownFileType = sourcecode.swift; name = User.swift; path = amplify/generated/models/User.swift; sourceTree = "<group>"; };
		22BA46ED06CE38343E637DE9 /* Game.swift */ = {isa = PBXFileReference; explicitFileType = sourcecode.swift; lastKnownFileType = sourcecode.swift; name = Game.swift; path = amplify/generated/models/Game.swift; sourceTree = "<group>"; };
		5E7080B336F63FBC3708F879 /* AmplifyModels.swift */ = {isa = PBXFileReference; explicitFileType = sourcecode.swift; lastKnownFileType = sourcecode.swift; name = AmplifyModels.swift; path = amplify/generated/models/AmplifyModels.swift; sourceTree = "<group>"; };
		6AAD4B75F643C1563E9058BB /* Group.swift */ = {isa = PBXFileReference; explicitFileType = sourcecode.swift; lastKnownFileType = sourcecode.swift; name = Group.swift; path = amplify/generated/models/Group.swift; sourceTree = "<group>"; };
		6BE2CAF4C144144914A8DF3A /* User+Schema.swift */ = {isa = PBXFileReference; explicitFileType = sourcecode.swift; lastKnownFileType = sourcecode.swift; name = "User+Schema.swift"; path = "amplify/generated/models/User+Schema.swift"; sourceTree = "<group>"; };
		6C9FB50CAA710424261C41C9 /* Game+Schema.swift */ = {isa = PBXFileReference; explicitFileType = sourcecode.swift; lastKnownFileType = sourcecode.swift; name = "Game+Schema.swift"; path = "amplify/generated/models/Game+Schema.swift"; sourceTree = "<group>"; };
		7A039BEC645E0BE59111DA1B /* SeasonRecord.swift */ = {isa = PBXFileReference; explicitFileType = sourcecode.swift; lastKnownFileType = sourcecode.swift; name = SeasonRecord.swift; path = amplify/generated/models/SeasonRecord.swift; sourceTree = "<group>"; };
		83F6B22C954619D4EF33F572 /* amplifyconfiguration.json */ = {isa = PBXFileReference; explicitFileType = text.json; lastKnownFileType = text.json; name = amplifyconfiguration.json; path = amplifyconfiguration.json; sourceTree = "<group>"; };
		951C982FECDAD6CF9BDA1B6A /* SeasonRecord+Schema.swift */ = {isa = PBXFileReference; explicitFileType = sourcecode.swift; lastKnownFileType = sourcecode.swift; name = "SeasonRecord+Schema.swift"; path = "amplify/generated/models/SeasonRecord+Schema.swift"; sourceTree = "<group>"; };
		9829AD87DDCC95CF769343B8 /* awsconfiguration.json */ = {isa = PBXFileReference; explicitFileType = text.json; lastKnownFileType = text.json; name = awsconfiguration.json; path = awsconfiguration.json; sourceTree = "<group>"; };
		AA53B04B2E85B5E500E03CF2 /* PickEm.app */ = {isa = PBXFileReference; explicitFileType = wrapper.application; includeInIndex = 0; path = PickEm.app; sourceTree = BUILT_PRODUCTS_DIR; };
		AA53B0582E85B5E600E03CF2 /* PickEmTests.xctest */ = {isa = PBXFileReference; explicitFileType = wrapper.cfbundle; includeInIndex = 0; path = PickEmTests.xctest; sourceTree = BUILT_PRODUCTS_DIR; };
		AA53B0622E85B5E700E03CF2 /* PickEmUITests.xctest */ = {isa = PBXFileReference; explicitFileType = wrapper.cfbundle; includeInIndex = 0; path = PickEmUITests.xctest; sourceTree = BUILT_PRODUCTS_DIR; };
		AA545C84665B68AFAEDF7EE3 /* Pick.swift */ = {isa = PBXFileReference; explicitFileType = sourcecode.swift; lastKnownFileType = sourcecode.swift; name = Pick.swift; path = amplify/generated/models/Pick.swift; sourceTree = "<group>"; };
		D5C6F6317303C874BEBD1185 /* Group+Schema.swift */ = {isa = PBXFileReference; explicitFileType = sourcecode.swift; lastKnownFileType = sourcecode.swift; name = "Group+Schema.swift"; path = "amplify/generated/models/Group+Schema.swift"; sourceTree = "<group>"; };
		D6CC0D6E642205550C46B62D /* Pick+Schema.swift */ = {isa = PBXFileReference; explicitFileType = sourcecode.swift; lastKnownFileType = sourcecode.swift; name = "Pick+Schema.swift"; path = "amplify/generated/models/Pick+Schema.swift"; sourceTree = "<group>"; };
/* End PBXFileReference section */

/* Begin PBXFileSystemSynchronizedRootGroup section */
		AA53B04D2E85B5E500E03CF2 /* PickEm */ = {
			isa = PBXFileSystemSynchronizedRootGroup;
			path = PickEm;
			sourceTree = "<group>";
		};
		AA53B05B2E85B5E700E03CF2 /* PickEmTests */ = {
			isa = PBXFileSystemSynchronizedRootGroup;
			path = PickEmTests;
			sourceTree = "<group>";
		};
		AA53B0652E85B5E700E03CF2 /* PickEmUITests */ = {
			isa = PBXFileSystemSynchronizedRootGroup;
			path = PickEmUITests;
			sourceTree = "<group>";
		};
/* End PBXFileSystemSynchronizedRootGroup section */

/* Begin PBXFrameworksBuildPhase section */
		AA53B0482E85B5E500E03CF2 /* Frameworks */ = {
			isa = PBXFrameworksBuildPhase;
			buildActionMask = 2147483647;
			files = (
			);
			runOnlyForDeploymentPostprocessing = 0;
		};
		AA53B0552E85B5E600E03CF2 /* Frameworks */ = {
			isa = PBXFrameworksBuildPhase;
			buildActionMask = 2147483647;
			files = (
			);
			runOnlyForDeploymentPostprocessing = 0;
		};
		AA53B05F2E85B5E700E03CF2 /* Frameworks */ = {
			isa = PBXFrameworksBuildPhase;
			buildActionMask = 2147483647;
			files = (
			);
			runOnlyForDeploymentPostprocessing = 0;
		};
/* End PBXFrameworksBuildPhase section */

/* Begin PBXGroup section */
		5099546CFAEB0C25DB8D45F0 /* AmplifyModels */ = {
			isa = PBXGroup;
			children = (
				5E7080B336F63FBC3708F879 /* AmplifyModels.swift */,
				6C9FB50CAA710424261C41C9 /* Game+Schema.swift */,
				22BA46ED06CE38343E637DE9 /* Game.swift */,
				D5C6F6317303C874BEBD1185 /* Group+Schema.swift */,
				6AAD4B75F643C1563E9058BB /* Group.swift */,
				D6CC0D6E642205550C46B62D /* Pick+Schema.swift */,
				AA545C84665B68AFAEDF7EE3 /* Pick.swift */,
				951C982FECDAD6CF9BDA1B6A /* SeasonRecord+Schema.swift */,
				7A039BEC645E0BE59111DA1B /* SeasonRecord.swift */,
				6BE2CAF4C144144914A8DF3A /* User+Schema.swift */,
				12228AF80C0B4FBEC95148A9 /* User.swift */,
			);
			name = AmplifyModels;
			sourceTree = "<group>";
		};
		61459A90FB40C0C8EB424F48 /* AmplifyConfig */ = {
			isa = PBXGroup;
			children = (
				9829AD87DDCC95CF769343B8 /* awsconfiguration.json */,
				83F6B22C954619D4EF33F572 /* amplifyconfiguration.json */,
			);
			name = AmplifyConfig;
			sourceTree = "<group>";
		};
		AA53B0422E85B5E500E03CF2 = {
			isa = PBXGroup;
			children = (
				AA53B04D2E85B5E500E03CF2 /* PickEm */,
				AA53B05B2E85B5E700E03CF2 /* PickEmTests */,
				AA53B0652E85B5E700E03CF2 /* PickEmUITests */,
				AA53B04C2E85B5E500E03CF2 /* Products */,
				61459A90FB40C0C8EB424F48 /* AmplifyConfig */,
				5099546CFAEB0C25DB8D45F0 /* AmplifyModels */,
			);
			sourceTree = "<group>";
		};
		AA53B04C2E85B5E500E03CF2 /* Products */ = {
			isa = PBXGroup;
			children = (
				AA53B04B2E85B5E500E03CF2 /* PickEm.app */,
				AA53B0582E85B5E600E03CF2 /* PickEmTests.xctest */,
				AA53B0622E85B5E700E03CF2 /* PickEmUITests.xctest */,
			);
			name = Products;
			sourceTree = "<group>";
		};
/* End PBXGroup section */

/* Begin PBXNativeTarget section */
		AA53B04A2E85B5E500E03CF2 /* PickEm */ = {
			isa = PBXNativeTarget;
			buildConfigurationList = AA53B06C2E85B5E700E03CF2 /* Build configuration list for PBXNativeTarget "PickEm" */;
			buildPhases = (
				AA53B0472E85B5E500E03CF2 /* Sources */,
				AA53B0482E85B5E500E03CF2 /* Frameworks */,
				AA53B0492E85B5E500E03CF2 /* Resources */,
			);
			buildRules = (
			);
			dependencies = (
			);
			fileSystemSynchronizedGroups = (
				AA53B04D2E85B5E500E03CF2 /* PickEm */,
			);
			name = PickEm;
			packageProductDependencies = (
			);
			productName = PickEm;
			productReference = AA53B04B2E85B5E500E03CF2 /* PickEm.app */;
			productType = "com.apple.product-type.application";
		};
		AA53B0572E85B5E600E03CF2 /* PickEmTests */ = {
			isa = PBXNativeTarget;
			buildConfigurationList = AA53B06F2E85B5E700E03CF2 /* Build configuration list for PBXNativeTarget "PickEmTests" */;
			buildPhases = (
				AA53B0542E85B5E600E03CF2 /* Sources */,
				AA53B0552E85B5E600E03CF2 /* Frameworks */,
				AA53B0562E85B5E600E03CF2 /* Resources */,
			);
			buildRules = (
			);
			dependencies = (
				AA53B05A2E85B5E600E03CF2 /* PBXTargetDependency */,
			);
			fileSystemSynchronizedGroups = (
				AA53B05B2E85B5E700E03CF2 /* PickEmTests */,
			);
			name = PickEmTests;
			packageProductDependencies = (
			);
			productName = PickEmTests;
			productReference = AA53B0582E85B5E600E03CF2 /* PickEmTests.xctest */;
			productType = "com.apple.product-type.bundle.unit-test";
		};
		AA53B0612E85B5E700E03CF2 /* PickEmUITests */ = {
			isa = PBXNativeTarget;
			buildConfigurationList = AA53B0722E85B5E700E03CF2 /* Build configuration list for PBXNativeTarget "PickEmUITests" */;
			buildPhases = (
				AA53B05E2E85B5E700E03CF2 /* Sources */,
				AA53B05F2E85B5E700E03CF2 /* Frameworks */,
				AA53B0602E85B5E700E03CF2 /* Resources */,
			);
			buildRules = (
			);
			dependencies = (
				AA53B0642E85B5E700E03CF2 /* PBXTargetDependency */,
			);
			fileSystemSynchronizedGroups = (
				AA53B0652E85B5E700E03CF2 /* PickEmUITests */,
			);
			name = PickEmUITests;
			packageProductDependencies = (
			);
			productName = PickEmUITests;
			productReference = AA53B0622E85B5E700E03CF2 /* PickEmUITests.xctest */;
			productType = "com.apple.product-type.bundle.ui-testing";
		};
/* End PBXNativeTarget section */

/* Begin PBXProject section */
		AA53B0432E85B5E500E03CF2 /* Project object */ = {
			isa = PBXProject;
			attributes = {
				BuildIndependentTargetsInParallel = 1;
				LastSwiftUpdateCheck = 1640;
				LastUpgradeCheck = 1640;
				TargetAttributes = {
					AA53B04A2E85B5E500E03CF2 = {
						CreatedOnToolsVersion = 16.4;
					};
					AA53B0572E85B5E600E03CF2 = {
						CreatedOnToolsVersion = 16.4;
						TestTargetID = AA53B04A2E85B5E500E03CF2;
					};
					AA53B0612E85B5E700E03CF2 = {
						CreatedOnToolsVersion = 16.4;
						TestTargetID = AA53B04A2E85B5E500E03CF2;
					};
				};
			};
			buildConfigurationList = AA53B0462E85B5E500E03CF2 /* Build configuration list for PBXProject "PickEm" */;
			developmentRegion = en;
			hasScannedForEncodings = 0;
			knownRegions = (
				en,
				Base,
			);
			mainGroup = AA53B0422E85B5E500E03CF2;
			minimizedProjectReferenceProxies = 1;
			preferredProjectObjectVersion = 77;
			productRefGroup = AA53B04C2E85B5E500E03CF2 /* Products */;
			projectDirPath = "";
			projectRoot = "";
			targets = (
				AA53B04A2E85B5E500E03CF2 /* PickEm */,
				AA53B0572E85B5E600E03CF2 /* PickEmTests */,
				AA53B0612E85B5E700E03CF2 /* PickEmUITests */,
			);
		};
/* End PBXProject section */

/* Begin PBXResourcesBuildPhase section */
		AA53B0492E85B5E500E03CF2 /* Resources */ = {
			isa = PBXResourcesBuildPhase;
			buildActionMask = 2147483647;
			files = (
				A0F648B56E1B18E9190AD101 /* awsconfiguration.json in Resources */,
				08F8800A2AFA54ED4F2FD02F /* amplifyconfiguration.json in Resources */,
			);
			runOnlyForDeploymentPostprocessing = 0;
		};
		AA53B0562E85B5E600E03CF2 /* Resources */ = {
			isa = PBXResourcesBuildPhase;
			buildActionMask = 2147483647;
			files = (
			);
			runOnlyForDeploymentPostprocessing = 0;
		};
		AA53B0602E85B5E700E03CF2 /* Resources */ = {
			isa = PBXResourcesBuildPhase;
			buildActionMask = 2147483647;
			files = (
			);
			runOnlyForDeploymentPostprocessing = 0;
		};
/* End PBXResourcesBuildPhase section */

/* Begin PBXSourcesBuildPhase section */
		AA53B0472E85B5E500E03CF2 /* Sources */ = {
			isa = PBXSourcesBuildPhase;
			buildActionMask = 2147483647;
			files = (
				0DD056165A35F8BE19AF7BBD /* AmplifyModels.swift in Sources */,
				42EF0A69CF18367E0242CEF0 /* Game+Schema.swift in Sources */,
				B2AAAC7EC78E4F6510184130 /* Game.swift in Sources */,
				09FF25309691F6F100784AE4 /* Group+Schema.swift in Sources */,
				F2FFAACA64B217B402F33F6B /* Group.swift in Sources */,
				ED16C0FBF7BF737D61668DB5 /* Pick+Schema.swift in Sources */,
				83831090CCE6576B212EC661 /* Pick.swift in Sources */,
				48D6E46DB3A4D04EA8247173 /* SeasonRecord+Schema.swift in Sources */,
				FC49B6C079538AA3E55D1EC6 /* SeasonRecord.swift in Sources */,
				7AF251F130754704600F9B8A /* User+Schema.swift in Sources */,
				211488623EAB189C509B811F /* User.swift in Sources */,
			);
			runOnlyForDeploymentPostprocessing = 0;
		};
		AA53B0542E85B5E600E03CF2 /* Sources */ = {
			isa = PBXSourcesBuildPhase;
			buildActionMask = 2147483647;
			files = (
			);
			runOnlyForDeploymentPostprocessing = 0;
		};
		AA53B05E2E85B5E700E03CF2 /* Sources */ = {
			isa = PBXSourcesBuildPhase;
			buildActionMask = 2147483647;
			files = (
			);
			runOnlyForDeploymentPostprocessing = 0;
		};
/* End PBXSourcesBuildPhase section */

/* Begin PBXTargetDependency section */
		AA53B05A2E85B5E600E03CF2 /* PBXTargetDependency */ = {
			isa = PBXTargetDependency;
			target = AA53B04A2E85B5E500E03CF2 /* PickEm */;
			targetProxy = AA53B0592E85B5E600E03CF2 /* PBXContainerItemProxy */;
		};
		AA53B0642E85B5E700E03CF2 /* PBXTargetDependency */ = {
			isa = PBXTargetDependency;
			target = AA53B04A2E85B5E500E03CF2 /* PickEm */;
			targetProxy = AA53B0632E85B5E700E03CF2 /* PBXContainerItemProxy */;
		};
/* End PBXTargetDependency section */

/* Begin XCBuildConfiguration section */
		AA53B06A2E85B5E700E03CF2 /* Debug */ = {
			isa = XCBuildConfiguration;
			buildSettings = {
				ALWAYS_SEARCH_USER_PATHS = NO;
				ASSETCATALOG_COMPILER_GENERATE_SWIFT_ASSET_SYMBOL_EXTENSIONS = YES;
				CLANG_ANALYZER_NONNULL = YES;
				CLANG_ANALYZER_NUMBER_OBJECT_CONVERSION = YES_AGGRESSIVE;
				CLANG_CXX_LANGUAGE_STANDARD = "gnu++20";
				CLANG_ENABLE_MODULES = YES;
				CLANG_ENABLE_OBJC_ARC = YES;
				CLANG_ENABLE_OBJC_WEAK = YES;
				CLANG_WARN_BLOCK_CAPTURE_AUTORELEASING = YES;
				CLANG_WARN_BOOL_CONVERSION = YES;
				CLANG_WARN_COMMA = YES;
				CLANG_WARN_CONSTANT_CONVERSION = YES;
				CLANG_WARN_DEPRECATED_OBJC_IMPLEMENTATIONS = YES;
				CLANG_WARN_DIRECT_OBJC_ISA_USAGE = YES_ERROR;
				CLANG_WARN_DOCUMENTATION_COMMENTS = YES;
				CLANG_WARN_EMPTY_BODY = YES;
				CLANG_WARN_ENUM_CONVERSION = YES;
				CLANG_WARN_INFINITE_RECURSION = YES;
				CLANG_WARN_INT_CONVERSION = YES;
				CLANG_WARN_NON_LITERAL_NULL_CONVERSION = YES;
				CLANG_WARN_OBJC_IMPLICIT_RETAIN_SELF = YES;
				CLANG_WARN_OBJC_LITERAL_CONVERSION = YES;
				CLANG_WARN_OBJC_ROOT_CLASS = YES_ERROR;
				CLANG_WARN_QUOTED_INCLUDE_IN_FRAMEWORK_HEADER = YES;
				CLANG_WARN_RANGE_LOOP_ANALYSIS = YES;
				CLANG_WARN_STRICT_PROTOTYPES = YES;
				CLANG_WARN_SUSPICIOUS_MOVE = YES;
				CLANG_WARN_UNGUARDED_AVAILABILITY = YES_AGGRESSIVE;
				CLANG_WARN_UNREACHABLE_CODE = YES;
				CLANG_WARN__DUPLICATE_METHOD_MATCH = YES;
				COPY_PHASE_STRIP = NO;
				DEBUG_INFORMATION_FORMAT = dwarf;
				ENABLE_STRICT_OBJC_MSGSEND = YES;
				ENABLE_TESTABILITY = YES;
				ENABLE_USER_SCRIPT_SANDBOXING = YES;
				GCC_C_LANGUAGE_STANDARD = gnu17;
				GCC_DYNAMIC_NO_PIC = NO;
				GCC_NO_COMMON_BLOCKS = YES;
				GCC_OPTIMIZATION_LEVEL = 0;
				GCC_PREPROCESSOR_DEFINITIONS = (
					"DEBUG=1",
					"$(inherited)",
				);
				GCC_WARN_64_TO_32_BIT_CONVERSION = YES;
				GCC_WARN_ABOUT_RETURN_TYPE = YES_ERROR;
				GCC_WARN_UNDECLARED_SELECTOR = YES;
				GCC_WARN_UNINITIALIZED_AUTOS = YES_AGGRESSIVE;
				GCC_WARN_UNUSED_FUNCTION = YES;
				GCC_WARN_UNUSED_VARIABLE = YES;
				IPHONEOS_DEPLOYMENT_TARGET = 18.5;
				LOCALIZATION_PREFERS_STRING_CATALOGS = YES;
				MTL_ENABLE_DEBUG_INFO = INCLUDE_SOURCE;
				MTL_FAST_MATH = YES;
				ONLY_ACTIVE_ARCH = YES;
				SDKROOT = iphoneos;
				SWIFT_ACTIVE_COMPILATION_CONDITIONS = "DEBUG $(inherited)";
				SWIFT_OPTIMIZATION_LEVEL = "-Onone";
			};
			name = Debug;
		};
		AA53B06B2E85B5E700E03CF2 /* Release */ = {
			isa = XCBuildConfiguration;
			buildSettings = {
				ALWAYS_SEARCH_USER_PATHS = NO;
				ASSETCATALOG_COMPILER_GENERATE_SWIFT_ASSET_SYMBOL_EXTENSIONS = YES;
				CLANG_ANALYZER_NONNULL = YES;
				CLANG_ANALYZER_NUMBER_OBJECT_CONVERSION = YES_AGGRESSIVE;
				CLANG_CXX_LANGUAGE_STANDARD = "gnu++20";
				CLANG_ENABLE_MODULES = YES;
				CLANG_ENABLE_OBJC_ARC = YES;
				CLANG_ENABLE_OBJC_WEAK = YES;
				CLANG_WARN_BLOCK_CAPTURE_AUTORELEASING = YES;
				CLANG_WARN_BOOL_CONVERSION = YES;
				CLANG_WARN_COMMA = YES;
				CLANG_WARN_CONSTANT_CONVERSION = YES;
				CLANG_WARN_DEPRECATED_OBJC_IMPLEMENTATIONS = YES;
				CLANG_WARN_DIRECT_OBJC_ISA_USAGE = YES_ERROR;
				CLANG_WARN_DOCUMENTATION_COMMENTS = YES;
				CLANG_WARN_EMPTY_BODY = YES;
				CLANG_WARN_ENUM_CONVERSION = YES;
				CLANG_WARN_INFINITE_RECURSION = YES;
				CLANG_WARN_INT_CONVERSION = YES;
				CLANG_WARN_NON_LITERAL_NULL_CONVERSION = YES;
				CLANG_WARN_OBJC_IMPLICIT_RETAIN_SELF = YES;
				CLANG_WARN_OBJC_LITERAL_CONVERSION = YES;
				CLANG_WARN_OBJC_ROOT_CLASS = YES_ERROR;
				CLANG_WARN_QUOTED_INCLUDE_IN_FRAMEWORK_HEADER = YES;
				CLANG_WARN_RANGE_LOOP_ANALYSIS = YES;
				CLANG_WARN_STRICT_PROTOTYPES = YES;
				CLANG_WARN_SUSPICIOUS_MOVE = YES;
				CLANG_WARN_UNGUARDED_AVAILABILITY = YES_AGGRESSIVE;
				CLANG_WARN_UNREACHABLE_CODE = YES;
				CLANG_WARN__DUPLICATE_METHOD_MATCH = YES;
				COPY_PHASE_STRIP = NO;
				DEBUG_INFORMATION_FORMAT = "dwarf-with-dsym";
				ENABLE_NS_ASSERTIONS = NO;
				ENABLE_STRICT_OBJC_MSGSEND = YES;
				ENABLE_USER_SCRIPT_SANDBOXING = YES;
				GCC_C_LANGUAGE_STANDARD = gnu17;
				GCC_NO_COMMON_BLOCKS = YES;
				GCC_WARN_64_TO_32_BIT_CONVERSION = YES;
				GCC_WARN_ABOUT_RETURN_TYPE = YES_ERROR;
				GCC_WARN_UNDECLARED_SELECTOR = YES;
				GCC_WARN_UNINITIALIZED_AUTOS = YES_AGGRESSIVE;
				GCC_WARN_UNUSED_FUNCTION = YES;
				GCC_WARN_UNUSED_VARIABLE = YES;
				IPHONEOS_DEPLOYMENT_TARGET = 18.5;
				LOCALIZATION_PREFERS_STRING_CATALOGS = YES;
				MTL_ENABLE_DEBUG_INFO = NO;
				MTL_FAST_MATH = YES;
				SDKROOT = iphoneos;
				SWIFT_COMPILATION_MODE = wholemodule;
				VALIDATE_PRODUCT = YES;
			};
			name = Release;
		};
		AA53B06D2E85B5E700E03CF2 /* Debug */ = {
			isa = XCBuildConfiguration;
			buildSettings = {
				ASSETCATALOG_COMPILER_APPICON_NAME = AppIcon;
				ASSETCATALOG_COMPILER_GLOBAL_ACCENT_COLOR_NAME = AccentColor;
				CODE_SIGN_STYLE = Automatic;
				CURRENT_PROJECT_VERSION = 1;
				ENABLE_PREVIEWS = YES;
				GENERATE_INFOPLIST_FILE = YES;
				INFOPLIST_KEY_UIApplicationSceneManifest_Generation = YES;
				INFOPLIST_KEY_UIApplicationSupportsIndirectInputEvents = YES;
				INFOPLIST_KEY_UILaunchScreen_Generation = YES;
				INFOPLIST_KEY_UISupportedInterfaceOrientations_iPad = "UIInterfaceOrientationPortrait UIInterfaceOrientationPortraitUpsideDown UIInterfaceOrientationLandscapeLeft UIInterfaceOrientationLandscapeRight";
				INFOPLIST_KEY_UISupportedInterfaceOrientations_iPhone = "UIInterfaceOrientationPortrait UIInterfaceOrientationLandscapeLeft UIInterfaceOrientationLandscapeRight";
				LD_RUNPATH_SEARCH_PATHS = (
					"$(inherited)",
					"@executable_path/Frameworks",
				);
				MARKETING_VERSION = 1.0;
				PRODUCT_BUNDLE_IDENTIFIER = ryandonovan.PickEm;
				PRODUCT_NAME = "$(TARGET_NAME)";
				SWIFT_EMIT_LOC_STRINGS = YES;
				SWIFT_VERSION = 5.0;
				TARGETED_DEVICE_FAMILY = "1,2";
			};
			name = Debug;
		};
		AA53B06E2E85B5E700E03CF2 /* Release */ = {
			isa = XCBuildConfiguration;
			buildSettings = {
				ASSETCATALOG_COMPILER_APPICON_NAME = AppIcon;
				ASSETCATALOG_COMPILER_GLOBAL_ACCENT_COLOR_NAME = AccentColor;
				CODE_SIGN_STYLE = Automatic;
				CURRENT_PROJECT_VERSION = 1;
				ENABLE_PREVIEWS = YES;
				GENERATE_INFOPLIST_FILE = YES;
				INFOPLIST_KEY_UIApplicationSceneManifest_Generation = YES;
				INFOPLIST_KEY_UIApplicationSupportsIndirectInputEvents = YES;
				INFOPLIST_KEY_UILaunchScreen_Generation = YES;
				INFOPLIST_KEY_UISupportedInterfaceOrientations_iPad = "UIInterfaceOrientationPortrait UIInterfaceOrientationPortraitUpsideDown UIInterfaceOrientationLandscapeLeft UIInterfaceOrientationLandscapeRight";
				INFOPLIST_KEY_UISupportedInterfaceOrientations_iPhone = "UIInterfaceOrientationPortrait UIInterfaceOrientationLandscapeLeft UIInterfaceOrientationLandscapeRight";
				LD_RUNPATH_SEARCH_PATHS = (
					"$(inherited)",
					"@executable_path/Frameworks",
				);
				MARKETING_VERSION = 1.0;
				PRODUCT_BUNDLE_IDENTIFIER = ryandonovan.PickEm;
				PRODUCT_NAME = "$(TARGET_NAME)";
				SWIFT_EMIT_LOC_STRINGS = YES;
				SWIFT_VERSION = 5.0;
				TARGETED_DEVICE_FAMILY = "1,2";
			};
			name = Release;
		};
		AA53B0702E85B5E700E03CF2 /* Debug */ = {
			isa = XCBuildConfiguration;
			buildSettings = {
				BUNDLE_LOADER = "$(TEST_HOST)";
				CODE_SIGN_STYLE = Automatic;
				CURRENT_PROJECT_VERSION = 1;
				GENERATE_INFOPLIST_FILE = YES;
				IPHONEOS_DEPLOYMENT_TARGET = 18.5;
				MARKETING_VERSION = 1.0;
				PRODUCT_BUNDLE_IDENTIFIER = ryandonovan.PickEmTests;
				PRODUCT_NAME = "$(TARGET_NAME)";
				SWIFT_EMIT_LOC_STRINGS = NO;
				SWIFT_VERSION = 5.0;
				TARGETED_DEVICE_FAMILY = "1,2";
				TEST_HOST = "$(BUILT_PRODUCTS_DIR)/PickEm.app/$(BUNDLE_EXECUTABLE_FOLDER_PATH)/PickEm";
			};
			name = Debug;
		};
		AA53B0712E85B5E700E03CF2 /* Release */ = {
			isa = XCBuildConfiguration;
			buildSettings = {
				BUNDLE_LOADER = "$(TEST_HOST)";
				CODE_SIGN_STYLE = Automatic;
				CURRENT_PROJECT_VERSION = 1;
				GENERATE_INFOPLIST_FILE = YES;
				IPHONEOS_DEPLOYMENT_TARGET = 18.5;
				MARKETING_VERSION = 1.0;
				PRODUCT_BUNDLE_IDENTIFIER = ryandonovan.PickEmTests;
				PRODUCT_NAME = "$(TARGET_NAME)";
				SWIFT_EMIT_LOC_STRINGS = NO;
				SWIFT_VERSION = 5.0;
				TARGETED_DEVICE_FAMILY = "1,2";
				TEST_HOST = "$(BUILT_PRODUCTS_DIR)/PickEm.app/$(BUNDLE_EXECUTABLE_FOLDER_PATH)/PickEm";
			};
			name = Release;
		};
		AA53B0732E85B5E700E03CF2 /* Debug */ = {
			isa = XCBuildConfiguration;
			buildSettings = {
				CODE_SIGN_STYLE = Automatic;
				CURRENT_PROJECT_VERSION = 1;
				GENERATE_INFOPLIST_FILE = YES;
				MARKETING_VERSION = 1.0;
				PRODUCT_BUNDLE_IDENTIFIER = ryandonovan.PickEmUITests;
				PRODUCT_NAME = "$(TARGET_NAME)";
				SWIFT_EMIT_LOC_STRINGS = NO;
				SWIFT_VERSION = 5.0;
				TARGETED_DEVICE_FAMILY = "1,2";
				TEST_TARGET_NAME = PickEm;
			};
			name = Debug;
		};
		AA53B0742E85B5E700E03CF2 /* Release */ = {
			isa = XCBuildConfiguration;
			buildSettings = {
				CODE_SIGN_STYLE = Automatic;
				CURRENT_PROJECT_VERSION = 1;
				GENERATE_INFOPLIST_FILE = YES;
				MARKETING_VERSION = 1.0;
				PRODUCT_BUNDLE_IDENTIFIER = ryandonovan.PickEmUITests;
				PRODUCT_NAME = "$(TARGET_NAME)";
				SWIFT_EMIT_LOC_STRINGS = NO;
				SWIFT_VERSION = 5.0;
				TARGETED_DEVICE_FAMILY = "1,2";
				TEST_TARGET_NAME = PickEm;
			};
			name = Release;
		};
/* End XCBuildConfiguration section */

/* Begin XCConfigurationList section */
		AA53B0462E85B5E500E03CF2 /* Build configuration list for PBXProject "PickEm" */ = {
			isa = XCConfigurationList;
			buildConfigurations = (
				AA53B06A2E85B5E700E03CF2 /* Debug */,
				AA53B06B2E85B5E700E03CF2 /* Release */,
			);
			defaultConfigurationIsVisible = 0;
			defaultConfigurationName = Release;
		};
		AA53B06C2E85B5E700E03CF2 /* Build configuration list for PBXNativeTarget "PickEm" */ = {
			isa = XCConfigurationList;
			buildConfigurations = (
				AA53B06D2E85B5E700E03CF2 /* Debug */,
				AA53B06E2E85B5E700E03CF2 /* Release */,
			);
			defaultConfigurationIsVisible = 0;
			defaultConfigurationName = Release;
		};
		AA53B06F2E85B5E700E03CF2 /* Build configuration list for PBXNativeTarget "PickEmTests" */ = {
			isa = XCConfigurationList;
			buildConfigurations = (
				AA53B0702E85B5E700E03CF2 /* Debug */,
				AA53B0712E85B5E700E03CF2 /* Release */,
			);
			defaultConfigurationIsVisible = 0;
			defaultConfigurationName = Release;
		};
		AA53B0722E85B5E700E03CF2 /* Build configuration list for PBXNativeTarget "PickEmUITests" */ = {
			isa = XCConfigurationList;
			buildConfigurations = (
				AA53B0732E85B5E700E03CF2 /* Debug */,
				AA53B0742E85B5E700E03CF2 /* Release */,
			);
			defaultConfigurationIsVisible = 0;
			defaultConfigurationName = Release;
		};
/* End XCConfigurationList section */
	};
	rootObject = AA53B0432E85B5E500E03CF2 /* Project object */;
}
