// !$*UTF8*$!
{
	archiveVersion = 1;
	classes = {
	};
	objectVersion = 77;
	objects = {

/* Begin PBXContainerItemProxy section */
		AA53B0592E85B5E600E03CF2 /* PBXContainerItemProxy */ = {
			isa = PBXContainerItemProxy;
			containerPortal = AA53B0432E85B5E500E03CF2 /* Project object */;
			proxyType = 1;
			remoteGlobalIDString = AA53B04A2E85B5E500E03CF2;
			remoteInfo = PickEm;
		};
		AA53B0632E85B5E700E03CF2 /* PBXContainerItemProxy */ = {
			isa = PBXContainerItemProxy;
			containerPortal = AA53B0432E85B5E500E03CF2 /* Project object */;
			proxyType = 1;
			remoteGlobalIDString = AA53B04A2E85B5E500E03CF2;
			remoteInfo = PickEm;
		};
/* End PBXContainerItemProxy section */

/* Begin PBXFileReference section */
		AA53B04B2E85B5E500E03CF2 /* PickEm.app */ = {isa = PBXFileReference; explicitFileType = wrapper.application; includeInIndex = 0; path = PickEm.app; sourceTree = BUILT_PRODUCTS_DIR; };
		AA53B0582E85B5E600E03CF2 /* PickEmTests.xctest */ = {isa = PBXFileReference; explicitFileType = wrapper.cfbundle; includeInIndex = 0; path = PickEmTests.xctest; sourceTree = BUILT_PRODUCTS_DIR; };
		AA53B0622E85B5E700E03CF2 /* PickEmUITests.xctest */ = {isa = PBXFileReference; explicitFileType = wrapper.cfbundle; includeInIndex = 0; path = PickEmUITests.xctest; sourceTree = BUILT_PRODUCTS_DIR; };
/* End PBXFileReference section */

/* Begin PBXFileSystemSynchronizedRootGroup section */
		AA53B04D2E85B5E500E03CF2 /* PickEm */ = {
			isa = PBXFileSystemSynchronizedRootGroup;
			path = PickEm;
			sourceTree = "<group>";
		};
		AA53B05B2E85B5E700E03CF2 /* PickEmTests */ = {
			isa = PBXFileSystemSynchronizedRootGroup;
			path = PickEmTests;
			sourceTree = "<group>";
		};
		AA53B0652E85B5E700E03CF2 /* PickEmUITests */ = {
			isa = PBXFileSystemSynchronizedRootGroup;
			path = PickEmUITests;
			sourceTree = "<group>";
		};
/* End PBXFileSystemSynchronizedRootGroup section */

/* Begin PBXFrameworksBuildPhase section */
		AA53B0482E85B5E500E03CF2 /* Frameworks */ = {
			isa = PBXFrameworksBuildPhase;
			buildActionMask = 2147483647;
			files = (
			);
			runOnlyForDeploymentPostprocessing = 0;
		};
		AA53B0552E85B5E600E03CF2 /* Frameworks */ = {
			isa = PBXFrameworksBuildPhase;
			buildActionMask = 2147483647;
			files = (
			);
			runOnlyForDeploymentPostprocessing = 0;
		};
		AA53B05F2E85B5E700E03CF2 /* Frameworks */ = {
			isa = PBXFrameworksBuildPhase;
			buildActionMask = 2147483647;
			files = (
			);
			runOnlyForDeploymentPostprocessing = 0;
		};
/* End PBXFrameworksBuildPhase section */

/* Begin PBXGroup section */
		AA53B0422E85B5E500E03CF2 = {
			isa = PBXGroup;
			children = (
				AA53B04D2E85B5E500E03CF2 /* PickEm */,
				AA53B05B2E85B5E700E03CF2 /* PickEmTests */,
				AA53B0652E85B5E700E03CF2 /* PickEmUITests */,
				AA53B04C2E85B5E500E03CF2 /* Products */,
			);
			sourceTree = "<group>";
		};
		AA53B04C2E85B5E500E03CF2 /* Products */ = {
			isa = PBXGroup;
			children = (
				AA53B04B2E85B5E500E03CF2 /* PickEm.app */,
				AA53B0582E85B5E600E03CF2 /* PickEmTests.xctest */,
				AA53B0622E85B5E700E03CF2 /* PickEmUITests.xctest */,
			);
			name = Products;
			sourceTree = "<group>";
		};
/* End PBXGroup section */

/* Begin PBXNativeTarget section */
		AA53B04A2E85B5E500E03CF2 /* PickEm */ = {
			isa = PBXNativeTarget;
			buildConfigurationList = AA53B06C2E85B5E700E03CF2 /* Build configuration list for PBXNativeTarget "PickEm" */;
			buildPhases = (
				AA53B0472E85B5E500E03CF2 /* Sources */,
				AA53B0482E85B5E500E03CF2 /* Frameworks */,
				AA53B0492E85B5E500E03CF2 /* Resources */,
			);
			buildRules = (
			);
			dependencies = (
			);
			fileSystemSynchronizedGroups = (
				AA53B04D2E85B5E500E03CF2 /* PickEm */,
			);
			name = PickEm;
			packageProductDependencies = (
			);
			productName = PickEm;
			productReference = AA53B04B2E85B5E500E03CF2 /* PickEm.app */;
			productType = "com.apple.product-type.application";
		};
		AA53B0572E85B5E600E03CF2 /* PickEmTests */ = {
			isa = PBXNativeTarget;
			buildConfigurationList = AA53B06F2E85B5E700E03CF2 /* Build configuration list for PBXNativeTarget "PickEmTests" */;
			buildPhases = (
				AA53B0542E85B5E600E03CF2 /* Sources */,
				AA53B0552E85B5E600E03CF2 /* Frameworks */,
				AA53B0562E85B5E600E03CF2 /* Resources */,
			);
			buildRules = (
			);
			dependencies = (
				AA53B05A2E85B5E600E03CF2 /* PBXTargetDependency */,
			);
			fileSystemSynchronizedGroups = (
				AA53B05B2E85B5E700E03CF2 /* PickEmTests */,
			);
			name = PickEmTests;
			packageProductDependencies = (
			);
			productName = PickEmTests;
			productReference = AA53B0582E85B5E600E03CF2 /* PickEmTests.xctest */;
			productType = "com.apple.product-type.bundle.unit-test";
		};
		AA53B0612E85B5E700E03CF2 /* PickEmUITests */ = {
			isa = PBXNativeTarget;
			buildConfigurationList = AA53B0722E85B5E700E03CF2 /* Build configuration list for PBXNativeTarget "PickEmUITests" */;
			buildPhases = (
				AA53B05E2E85B5E700E03CF2 /* Sources */,
				AA53B05F2E85B5E700E03CF2 /* Frameworks */,
				AA53B0602E85B5E700E03CF2 /* Resources */,
			);
			buildRules = (
			);
			dependencies = (
				AA53B0642E85B5E700E03CF2 /* PBXTargetDependency */,
			);
			fileSystemSynchronizedGroups = (
				AA53B0652E85B5E700E03CF2 /* PickEmUITests */,
			);
			name = PickEmUITests;
			packageProductDependencies = (
			);
			productName = PickEmUITests;
			productReference = AA53B0622E85B5E700E03CF2 /* PickEmUITests.xctest */;
			productType = "com.apple.product-type.bundle.ui-testing";
		};
/* End PBXNativeTarget section */

/* Begin PBXProject section */
		AA53B0432E85B5E500E03CF2 /* Project object */ = {
			isa = PBXProject;
			attributes = {
				BuildIndependentTargetsInParallel = 1;
				LastSwiftUpdateCheck = 1640;
				LastUpgradeCheck = 1640;
				TargetAttributes = {
					AA53B04A2E85B5E500E03CF2 = {
						CreatedOnToolsVersion = 16.4;
					};
					AA53B0572E85B5E600E03CF2 = {
						CreatedOnToolsVersion = 16.4;
						TestTargetID = AA53B04A2E85B5E500E03CF2;
					};
					AA53B0612E85B5E700E03CF2 = {
						CreatedOnToolsVersion = 16.4;
						TestTargetID = AA53B04A2E85B5E500E03CF2;
					};
				};
			};
			buildConfigurationList = AA53B0462E85B5E500E03CF2 /* Build configuration list for PBXProject "PickEm" */;
			developmentRegion = en;
			hasScannedForEncodings = 0;
			knownRegions = (
				en,
				Base,
			);
			mainGroup = AA53B0422E85B5E500E03CF2;
			minimizedProjectReferenceProxies = 1;
			preferredProjectObjectVersion = 77;
			productRefGroup = AA53B04C2E85B5E500E03CF2 /* Products */;
			projectDirPath = "";
			projectRoot = "";
			targets = (
				AA53B04A2E85B5E500E03CF2 /* PickEm */,
				AA53B0572E85B5E600E03CF2 /* PickEmTests */,
				AA53B0612E85B5E700E03CF2 /* PickEmUITests */,
			);
		};
/* End PBXProject section */

/* Begin PBXResourcesBuildPhase section */
		AA53B0492E85B5E500E03CF2 /* Resources */ = {
			isa = PBXResourcesBuildPhase;
			buildActionMask = 2147483647;
			files = (
			);
			runOnlyForDeploymentPostprocessing = 0;
		};
		AA53B0562E85B5E600E03CF2 /* Resources */ = {
			isa = PBXResourcesBuildPhase;
			buildActionMask = 2147483647;
			files = (
			);
			runOnlyForDeploymentPostprocessing = 0;
		};
		AA53B0602E85B5E700E03CF2 /* Resources */ = {
			isa = PBXResourcesBuildPhase;
			buildActionMask = 2147483647;
			files = (
			);
			runOnlyForDeploymentPostprocessing = 0;
		};
/* End PBXResourcesBuildPhase section */

/* Begin PBXSourcesBuildPhase section */
		AA53B0472E85B5E500E03CF2 /* Sources */ = {
			isa = PBXSourcesBuildPhase;
			buildActionMask = 2147483647;
			files = (
			);
			runOnlyForDeploymentPostprocessing = 0;
		};
		AA53B0542E85B5E600E03CF2 /* Sources */ = {
			isa = PBXSourcesBuildPhase;
			buildActionMask = 2147483647;
			files = (
			);
			runOnlyForDeploymentPostprocessing = 0;
		};
		AA53B05E2E85B5E700E03CF2 /* Sources */ = {
			isa = PBXSourcesBuildPhase;
			buildActionMask = 2147483647;
			files = (
			);
			runOnlyForDeploymentPostprocessing = 0;
		};
/* End PBXSourcesBuildPhase section */

/* Begin PBXTargetDependency section */
		AA53B05A2E85B5E600E03CF2 /* PBXTargetDependency */ = {
			isa = PBXTargetDependency;
			target = AA53B04A2E85B5E500E03CF2 /* PickEm */;
			targetProxy = AA53B0592E85B5E600E03CF2 /* PBXContainerItemProxy */;
		};
		AA53B0642E85B5E700E03CF2 /* PBXTargetDependency */ = {
			isa = PBXTargetDependency;
			target = AA53B04A2E85B5E500E03CF2 /* PickEm */;
			targetProxy = AA53B0632E85B5E700E03CF2 /* PBXContainerItemProxy */;
		};
/* End PBXTargetDependency section */

/* Begin XCBuildConfiguration section */
		AA53B06A2E85B5E700E03CF2 /* Debug */ = {
			isa = XCBuildConfiguration;
			buildSettings = {
				ALWAYS_SEARCH_USER_PATHS = NO;
				ASSETCATALOG_COMPILER_GENERATE_SWIFT_ASSET_SYMBOL_EXTENSIONS = YES;
				CLANG_ANALYZER_NONNULL = YES;
				CLANG_ANALYZER_NUMBER_OBJECT_CONVERSION = YES_AGGRESSIVE;
				CLANG_CXX_LANGUAGE_STANDARD = "gnu++20";
				CLANG_ENABLE_MODULES = YES;
				CLANG_ENABLE_OBJC_ARC = YES;
				CLANG_ENABLE_OBJC_WEAK = YES;
				CLANG_WARN_BLOCK_CAPTURE_AUTORELEASING = YES;
				CLANG_WARN_BOOL_CONVERSION = YES;
				CLANG_WARN_COMMA = YES;
				CLANG_WARN_CONSTANT_CONVERSION = YES;
				CLANG_WARN_DEPRECATED_OBJC_IMPLEMENTATIONS = YES;
				CLANG_WARN_DIRECT_OBJC_ISA_USAGE = YES_ERROR;
				CLANG_WARN_DOCUMENTATION_COMMENTS = YES;
				CLANG_WARN_EMPTY_BODY = YES;
				CLANG_WARN_ENUM_CONVERSION = YES;
				CLANG_WARN_INFINITE_RECURSION = YES;
				CLANG_WARN_INT_CONVERSION = YES;
				CLANG_WARN_NON_LITERAL_NULL_CONVERSION = YES;
				CLANG_WARN_OBJC_IMPLICIT_RETAIN_SELF = YES;
				CLANG_WARN_OBJC_LITERAL_CONVERSION = YES;
				CLANG_WARN_OBJC_ROOT_CLASS = YES_ERROR;
				CLANG_WARN_QUOTED_INCLUDE_IN_FRAMEWORK_HEADER = YES;
				CLANG_WARN_RANGE_LOOP_ANALYSIS = YES;
				CLANG_WARN_STRICT_PROTOTYPES = YES;
				CLANG_WARN_SUSPICIOUS_MOVE = YES;
				CLANG_WARN_UNGUARDED_AVAILABILITY = YES_AGGRESSIVE;
				CLANG_WARN_UNREACHABLE_CODE = YES;
				CLANG_WARN__DUPLICATE_METHOD_MATCH = YES;
				COPY_PHASE_STRIP = NO;
				DEBUG_INFORMATION_FORMAT = dwarf;
				ENABLE_STRICT_OBJC_MSGSEND = YES;
				ENABLE_TESTABILITY = YES;
				ENABLE_USER_SCRIPT_SANDBOXING = YES;
				GCC_C_LANGUAGE_STANDARD = gnu17;
				GCC_DYNAMIC_NO_PIC = NO;
				GCC_NO_COMMON_BLOCKS = YES;
				GCC_OPTIMIZATION_LEVEL = 0;
				GCC_PREPROCESSOR_DEFINITIONS = (
					"DEBUG=1",
					"$(inherited)",
				);
				GCC_WARN_64_TO_32_BIT_CONVERSION = YES;
				GCC_WARN_ABOUT_RETURN_TYPE = YES_ERROR;
				GCC_WARN_UNDECLARED_SELECTOR = YES;
				GCC_WARN_UNINITIALIZED_AUTOS = YES_AGGRESSIVE;
				GCC_WARN_UNUSED_FUNCTION = YES;
				GCC_WARN_UNUSED_VARIABLE = YES;
				IPHONEOS_DEPLOYMENT_TARGET = 18.5;
				LOCALIZATION_PREFERS_STRING_CATALOGS = YES;
				MTL_ENABLE_DEBUG_INFO = INCLUDE_SOURCE;
				MTL_FAST_MATH = YES;
				ONLY_ACTIVE_ARCH = YES;
				SDKROOT = iphoneos;
				SWIFT_ACTIVE_COMPILATION_CONDITIONS = "DEBUG $(inherited)";
				SWIFT_OPTIMIZATION_LEVEL = "-Onone";
			};
			name = Debug;
		};
		AA53B06B2E85B5E700E03CF2 /* Release */ = {
			isa = XCBuildConfiguration;
			buildSettings = {
				ALWAYS_SEARCH_USER_PATHS = NO;
				ASSETCATALOG_COMPILER_GENERATE_SWIFT_ASSET_SYMBOL_EXTENSIONS = YES;
				CLANG_ANALYZER_NONNULL = YES;
				CLANG_ANALYZER_NUMBER_OBJECT_CONVERSION = YES_AGGRESSIVE;
				CLANG_CXX_LANGUAGE_STANDARD = "gnu++20";
				CLANG_ENABLE_MODULES = YES;
				CLANG_ENABLE_OBJC_ARC = YES;
				CLANG_ENABLE_OBJC_WEAK = YES;
				CLANG_WARN_BLOCK_CAPTURE_AUTORELEASING = YES;
				CLANG_WARN_BOOL_CONVERSION = YES;
				CLANG_WARN_COMMA = YES;
				CLANG_WARN_CONSTANT_CONVERSION = YES;
				CLANG_WARN_DEPRECATED_OBJC_IMPLEMENTATIONS = YES;
				CLANG_WARN_DIRECT_OBJC_ISA_USAGE = YES_ERROR;
				CLANG_WARN_DOCUMENTATION_COMMENTS = YES;
				CLANG_WARN_EMPTY_BODY = YES;
				CLANG_WARN_ENUM_CONVERSION = YES;
				CLANG_WARN_INFINITE_RECURSION = YES;
				CLANG_WARN_INT_CONVERSION = YES;
				CLANG_WARN_NON_LITERAL_NULL_CONVERSION = YES;
				CLANG_WARN_OBJC_IMPLICIT_RETAIN_SELF = YES;
				CLANG_WARN_OBJC_LITERAL_CONVERSION = YES;
				CLANG_WARN_OBJC_ROOT_CLASS = YES_ERROR;
				CLANG_WARN_QUOTED_INCLUDE_IN_FRAMEWORK_HEADER = YES;
				CLANG_WARN_RANGE_LOOP_ANALYSIS = YES;
				CLANG_WARN_STRICT_PROTOTYPES = YES;
				CLANG_WARN_SUSPICIOUS_MOVE = YES;
				CLANG_WARN_UNGUARDED_AVAILABILITY = YES_AGGRESSIVE;
				CLANG_WARN_UNREACHABLE_CODE = YES;
				CLANG_WARN__DUPLICATE_METHOD_MATCH = YES;
				COPY_PHASE_STRIP = NO;
				DEBUG_INFORMATION_FORMAT = "dwarf-with-dsym";
				ENABLE_NS_ASSERTIONS = NO;
				ENABLE_STRICT_OBJC_MSGSEND = YES;
				ENABLE_USER_SCRIPT_SANDBOXING = YES;
				GCC_C_LANGUAGE_STANDARD = gnu17;
				GCC_NO_COMMON_BLOCKS = YES;
				GCC_WARN_64_TO_32_BIT_CONVERSION = YES;
				GCC_WARN_ABOUT_RETURN_TYPE = YES_ERROR;
				GCC_WARN_UNDECLARED_SELECTOR = YES;
				GCC_WARN_UNINITIALIZED_AUTOS = YES_AGGRESSIVE;
				GCC_WARN_UNUSED_FUNCTION = YES;
				GCC_WARN_UNUSED_VARIABLE = YES;
				IPHONEOS_DEPLOYMENT_TARGET = 18.5;
				LOCALIZATION_PREFERS_STRING_CATALOGS = YES;
				MTL_ENABLE_DEBUG_INFO = NO;
				MTL_FAST_MATH = YES;
				SDKROOT = iphoneos;
				SWIFT_COMPILATION_MODE = wholemodule;
				VALIDATE_PRODUCT = YES;
			};
			name = Release;
		};
		AA53B06D2E85B5E700E03CF2 /* Debug */ = {
			isa = XCBuildConfiguration;
			buildSettings = {
				ASSETCATALOG_COMPILER_APPICON_NAME = AppIcon;
				ASSETCATALOG_COMPILER_GLOBAL_ACCENT_COLOR_NAME = AccentColor;
				CODE_SIGN_STYLE = Automatic;
				CURRENT_PROJECT_VERSION = 1;
				ENABLE_PREVIEWS = YES;
				GENERATE_INFOPLIST_FILE = YES;
				INFOPLIST_KEY_UIApplicationSceneManifest_Generation = YES;
				INFOPLIST_KEY_UIApplicationSupportsIndirectInputEvents = YES;
				INFOPLIST_KEY_UILaunchScreen_Generation = YES;
				INFOPLIST_KEY_UISupportedInterfaceOrientations_iPad = "UIInterfaceOrientationPortrait UIInterfaceOrientationPortraitUpsideDown UIInterfaceOrientationLandscapeLeft UIInterfaceOrientationLandscapeRight";
				INFOPLIST_KEY_UISupportedInterfaceOrientations_iPhone = "UIInterfaceOrientationPortrait UIInterfaceOrientationLandscapeLeft UIInterfaceOrientationLandscapeRight";
				LD_RUNPATH_SEARCH_PATHS = (
					"$(inherited)",
					"@executable_path/Frameworks",
				);
				MARKETING_VERSION = 1.0;
				PRODUCT_BUNDLE_IDENTIFIER = ryandonovan.PickEm;
				PRODUCT_NAME = "$(TARGET_NAME)";
				SWIFT_EMIT_LOC_STRINGS = YES;
				SWIFT_VERSION = 5.0;
				TARGETED_DEVICE_FAMILY = "1,2";
			};
			name = Debug;
		};
		AA53B06E2E85B5E700E03CF2 /* Release */ = {
			isa = XCBuildConfiguration;
			buildSettings = {
				ASSETCATALOG_COMPILER_APPICON_NAME = AppIcon;
				ASSETCATALOG_COMPILER_GLOBAL_ACCENT_COLOR_NAME = AccentColor;
				CODE_SIGN_STYLE = Automatic;
				CURRENT_PROJECT_VERSION = 1;
				ENABLE_PREVIEWS = YES;
				GENERATE_INFOPLIST_FILE = YES;
				INFOPLIST_KEY_UIApplicationSceneManifest_Generation = YES;
				INFOPLIST_KEY_UIApplicationSupportsIndirectInputEvents = YES;
				INFOPLIST_KEY_UILaunchScreen_Generation = YES;
				INFOPLIST_KEY_UISupportedInterfaceOrientations_iPad = "UIInterfaceOrientationPortrait UIInterfaceOrientationPortraitUpsideDown UIInterfaceOrientationLandscapeLeft UIInterfaceOrientationLandscapeRight";
				INFOPLIST_KEY_UISupportedInterfaceOrientations_iPhone = "UIInterfaceOrientationPortrait UIInterfaceOrientationLandscapeLeft UIInterfaceOrientationLandscapeRight";
				LD_RUNPATH_SEARCH_PATHS = (
					"$(inherited)",
					"@executable_path/Frameworks",
				);
				MARKETING_VERSION = 1.0;
				PRODUCT_BUNDLE_IDENTIFIER = ryandonovan.PickEm;
				PRODUCT_NAME = "$(TARGET_NAME)";
				SWIFT_EMIT_LOC_STRINGS = YES;
				SWIFT_VERSION = 5.0;
				TARGETED_DEVICE_FAMILY = "1,2";
			};
			name = Release;
		};
		AA53B0702E85B5E700E03CF2 /* Debug */ = {
			isa = XCBuildConfiguration;
			buildSettings = {
				BUNDLE_LOADER = "$(TEST_HOST)";
				CODE_SIGN_STYLE = Automatic;
				CURRENT_PROJECT_VERSION = 1;
				GENERATE_INFOPLIST_FILE = YES;
				IPHONEOS_DEPLOYMENT_TARGET = 18.5;
				MARKETING_VERSION = 1.0;
				PRODUCT_BUNDLE_IDENTIFIER = ryandonovan.PickEmTests;
				PRODUCT_NAME = "$(TARGET_NAME)";
				SWIFT_EMIT_LOC_STRINGS = NO;
				SWIFT_VERSION = 5.0;
				TARGETED_DEVICE_FAMILY = "1,2";
				TEST_HOST = "$(BUILT_PRODUCTS_DIR)/PickEm.app/$(BUNDLE_EXECUTABLE_FOLDER_PATH)/PickEm";
			};
			name = Debug;
		};
		AA53B0712E85B5E700E03CF2 /* Release */ = {
			isa = XCBuildConfiguration;
			buildSettings = {
				BUNDLE_LOADER = "$(TEST_HOST)";
				CODE_SIGN_STYLE = Automatic;
				CURRENT_PROJECT_VERSION = 1;
				GENERATE_INFOPLIST_FILE = YES;
				IPHONEOS_DEPLOYMENT_TARGET = 18.5;
				MARKETING_VERSION = 1.0;
				PRODUCT_BUNDLE_IDENTIFIER = ryandonovan.PickEmTests;
				PRODUCT_NAME = "$(TARGET_NAME)";
				SWIFT_EMIT_LOC_STRINGS = NO;
				SWIFT_VERSION = 5.0;
				TARGETED_DEVICE_FAMILY = "1,2";
				TEST_HOST = "$(BUILT_PRODUCTS_DIR)/PickEm.app/$(BUNDLE_EXECUTABLE_FOLDER_PATH)/PickEm";
			};
			name = Release;
		};
		AA53B0732E85B5E700E03CF2 /* Debug */ = {
			isa = XCBuildConfiguration;
			buildSettings = {
				CODE_SIGN_STYLE = Automatic;
				CURRENT_PROJECT_VERSION = 1;
				GENERATE_INFOPLIST_FILE = YES;
				MARKETING_VERSION = 1.0;
				PRODUCT_BUNDLE_IDENTIFIER = ryandonovan.PickEmUITests;
				PRODUCT_NAME = "$(TARGET_NAME)";
				SWIFT_EMIT_LOC_STRINGS = NO;
				SWIFT_VERSION = 5.0;
				TARGETED_DEVICE_FAMILY = "1,2";
				TEST_TARGET_NAME = PickEm;
			};
			name = Debug;
		};
		AA53B0742E85B5E700E03CF2 /* Release */ = {
			isa = XCBuildConfiguration;
			buildSettings = {
				CODE_SIGN_STYLE = Automatic;
				CURRENT_PROJECT_VERSION = 1;
				GENERATE_INFOPLIST_FILE = YES;
				MARKETING_VERSION = 1.0;
				PRODUCT_BUNDLE_IDENTIFIER = ryandonovan.PickEmUITests;
				PRODUCT_NAME = "$(TARGET_NAME)";
				SWIFT_EMIT_LOC_STRINGS = NO;
				SWIFT_VERSION = 5.0;
				TARGETED_DEVICE_FAMILY = "1,2";
				TEST_TARGET_NAME = PickEm;
			};
			name = Release;
		};
/* End XCBuildConfiguration section */

/* Begin XCConfigurationList section */
		AA53B0462E85B5E500E03CF2 /* Build configuration list for PBXProject "PickEm" */ = {
			isa = XCConfigurationList;
			buildConfigurations = (
				AA53B06A2E85B5E700E03CF2 /* Debug */,
				AA53B06B2E85B5E700E03CF2 /* Release */,
			);
			defaultConfigurationIsVisible = 0;
			defaultConfigurationName = Release;
		};
		AA53B06C2E85B5E700E03CF2 /* Build configuration list for PBXNativeTarget "PickEm" */ = {
			isa = XCConfigurationList;
			buildConfigurations = (
				AA53B06D2E85B5E700E03CF2 /* Debug */,
				AA53B06E2E85B5E700E03CF2 /* Release */,
			);
			defaultConfigurationIsVisible = 0;
			defaultConfigurationName = Release;
		};
		AA53B06F2E85B5E700E03CF2 /* Build configuration list for PBXNativeTarget "PickEmTests" */ = {
			isa = XCConfigurationList;
			buildConfigurations = (
				AA53B0702E85B5E700E03CF2 /* Debug */,
				AA53B0712E85B5E700E03CF2 /* Release */,
			);
			defaultConfigurationIsVisible = 0;
			defaultConfigurationName = Release;
		};
		AA53B0722E85B5E700E03CF2 /* Build configuration list for PBXNativeTarget "PickEmUITests" */ = {
			isa = XCConfigurationList;
			buildConfigurations = (
				AA53B0732E85B5E700E03CF2 /* Debug */,
				AA53B0742E85B5E700E03CF2 /* Release */,
			);
			defaultConfigurationIsVisible = 0;
			defaultConfigurationName = Release;
		};
/* End XCConfigurationList section */
	};
	rootObject = AA53B0432E85B5E500E03CF2 /* Project object */;
}
